
Microsoft Visual Studio Solution File, Format Version 11.00
# Visual Studio 2010
Project("{FAE04EC0-301F-11D3-BF4B-00C04F79EFBC}") = "Assembly-CSharp", "Assembly-CSharp.csproj", "{1906A67E-3358-A5F7-8722-DB9A07BC9183}"
EndProject
Project("{FAE04EC0-301F-11D3-BF4B-00C04F79EFBC}") = "Assembly-CSharp-Editor", "Assembly-CSharp-Editor.csproj", "{E0479D20-C776-5A5B-2E0D-9922A4A63EB1}"
EndProject
Global
	GlobalSection(SolutionConfigurationPlatforms) = preSolution
		Debug|Any CPU = Debug|Any CPU
		Release|Any CPU = Release|Any CPU
	EndGlobalSection
	GlobalSection(ProjectConfigurationPlatforms) = postSolution
		{1906A67E-3358-A5F7-8722-DB9A07BC9183}.Debug|Any CPU.ActiveCfg = Debug|Any CPU
		{1906A67E-3358-A5F7-8722-DB9A07BC9183}.Debug|Any CPU.Build.0 = Debug|Any CPU
		{1906A67E-3358-A5F7-8722-DB9A07BC9183}.Release|Any CPU.ActiveCfg = Release|Any CPU
		{1906A67E-3358-A5F7-8722-DB9A07BC9183}.Release|Any CPU.Build.0 = Release|Any CPU
		{E0479D20-C776-5A5B-2E0D-9922A4A63EB1}.Debug|Any CPU.ActiveCfg = Debug|Any CPU
		{E0479D20-C776-5A5B-2E0D-9922A4A63EB1}.Debug|Any CPU.Build.0 = Debug|Any CPU
		{E0479D20-C776-5A5B-2E0D-9922A4A63EB1}.Release|Any CPU.ActiveCfg = Release|Any CPU
		{E0479D20-C776-5A5B-2E0D-9922A4A63EB1}.Release|Any CPU.Build.0 = Release|Any CPU
	EndGlobalSection
	GlobalSection(SolutionProperties) = preSolution
		HideSolutionNode = FALSE
	EndGlobalSection
EndGlobal
